
Microsoft Visual Studio Solution File, Format Version 12.00
# Visual Studio Version 17
VisualStudioVersion = 17.0.32002.185
MinimumVisualStudioVersion = 10.0.40219.1
Project("{FAE04EC0-301F-11D3-BF4B-00C04F79EFBC}") = "csv0", "csv0\csv0.csproj", "{8B07F430-1432-4EFC-8CB0-2526E6D2C80D}"
EndProject
Global
	GlobalSection(SolutionConfigurationPlatforms) = preSolution
		Debug|Any CPU = Debug|Any CPU
		Release|Any CPU = Release|Any CPU
	EndGlobalSection
	GlobalSection(ProjectConfigurationPlatforms) = postSolution
		{8B07F430-1432-4EFC-8CB0-2526E6D2C80D}.Debug|Any CPU.ActiveCfg = Debug|Any CPU
		{8B07F430-1432-4EFC-8CB0-2526E6D2C80D}.Debug|Any CPU.Build.0 = Debug|Any CPU
		{8B07F430-1432-4EFC-8CB0-2526E6D2C80D}.Release|Any CPU.ActiveCfg = Release|Any CPU
		{8B07F430-1432-4EFC-8CB0-2526E6D2C80D}.Release|Any CPU.Build.0 = Release|Any CPU
	EndGlobalSection
	GlobalSection(SolutionProperties) = preSolution
		HideSolutionNode = FALSE
	EndGlobalSection
	GlobalSection(ExtensibilityGlobals) = postSolution
		SolutionGuid = {B1B42149-60A8-4E53-BAAF-10E3DEC5C3A1}
	EndGlobalSection
EndGlobal
